
Microsoft Visual Studio Solution File, Format Version 12.00
# Visual Studio 2012
Project("{E24C65DC-7377-472B-9ABA-BC803B73C61A}") = "GisFramework", ".", "{EF67F1F7-4B2F-4B53-B297-80935F18634F}"
	ProjectSection(WebsiteProperties) = preProject
		TargetFrameworkMoniker = ".NETFramework,Version%3Dv4.0"
		Debug.AspNetCompiler.VirtualPath = "/GisFramework"
		Debug.AspNetCompiler.PhysicalPath = "..\GisFramework\"
		Debug.AspNetCompiler.TargetPath = "PrecompiledWeb\GisFramework\"
		Debug.AspNetCompiler.Updateable = "true"
		Debug.AspNetCompiler.ForceOverwrite = "true"
		Debug.AspNetCompiler.FixedNames = "false"
		Debug.AspNetCompiler.Debug = "True"
		Release.AspNetCompiler.VirtualPath = "/GisFramework"
		Release.AspNetCompiler.PhysicalPath = "..\GisFramework\"
		Release.AspNetCompiler.TargetPath = "PrecompiledWeb\GisFramework\"
		Release.AspNetCompiler.Updateable = "true"
		Release.AspNetCompiler.ForceOverwrite = "true"
		Release.AspNetCompiler.FixedNames = "false"
		Release.AspNetCompiler.Debug = "False"
		VWDPort = "4462"
	EndProjectSection
EndProject
Global
	GlobalSection(SolutionConfigurationPlatforms) = preSolution
		Debug|Any CPU = Debug|Any CPU
	EndGlobalSection
	GlobalSection(ProjectConfigurationPlatforms) = postSolution
		{EF67F1F7-4B2F-4B53-B297-80935F18634F}.Debug|Any CPU.ActiveCfg = Debug|Any CPU
		{EF67F1F7-4B2F-4B53-B297-80935F18634F}.Debug|Any CPU.Build.0 = Debug|Any CPU
	EndGlobalSection
	GlobalSection(SolutionProperties) = preSolution
		HideSolutionNode = FALSE
	EndGlobalSection
EndGlobal
